
Microsoft Visual Studio Solution File, Format Version 12.00
# Visual Studio Version 17
VisualStudioVersion = 17.8.34525.116
MinimumVisualStudioVersion = 10.0.40219.1
Project("{9A19103F-16F7-4668-BE54-9A1E7A4F7556}") = "BlazorTickets", "BlazorTickets\BlazorTickets.csproj", "{58FF7661-8702-41A5-AE4C-33C91DD59C05}"
EndProject
Project("{9A19103F-16F7-4668-BE54-9A1E7A4F7556}") = "ServerApp", "ServerApp\ServerApp.csproj", "{586DC7E2-4919-472C-873A-07012CC84734}"
EndProject
Project("{9A19103F-16F7-4668-BE54-9A1E7A4F7556}") = "Shared", "Shared\Shared.csproj", "{6B837451-0ACE-4DFC-979B-72C5EF33EC44}"
EndProject
Project("{FAE04EC0-301F-11D3-BF4B-00C04F79EFBC}") = "ServerApp", "ServerApp\ServerApp.csproj", "{7839E46D-E536-462A-BF47-76816C5D8FA3}"
EndProject
Project("{FAE04EC0-301F-11D3-BF4B-00C04F79EFBC}") = "Shared", "Shared\Shared.csproj", "{DB057AEE-C28E-4E4B-A941-8F4F16BFC5F6}"
EndProject
Global
	GlobalSection(SolutionConfigurationPlatforms) = preSolution
		Debug|Any CPU = Debug|Any CPU
		Release|Any CPU = Release|Any CPU
	EndGlobalSection
	GlobalSection(ProjectConfigurationPlatforms) = postSolution
		{58FF7661-8702-41A5-AE4C-33C91DD59C05}.Debug|Any CPU.ActiveCfg = Debug|Any CPU
		{58FF7661-8702-41A5-AE4C-33C91DD59C05}.Debug|Any CPU.Build.0 = Debug|Any CPU
		{58FF7661-8702-41A5-AE4C-33C91DD59C05}.Release|Any CPU.ActiveCfg = Release|Any CPU
		{58FF7661-8702-41A5-AE4C-33C91DD59C05}.Release|Any CPU.Build.0 = Release|Any CPU
		{586DC7E2-4919-472C-873A-07012CC84734}.Debug|Any CPU.ActiveCfg = Debug|Any CPU
		{586DC7E2-4919-472C-873A-07012CC84734}.Debug|Any CPU.Build.0 = Debug|Any CPU
		{586DC7E2-4919-472C-873A-07012CC84734}.Release|Any CPU.ActiveCfg = Release|Any CPU
		{586DC7E2-4919-472C-873A-07012CC84734}.Release|Any CPU.Build.0 = Release|Any CPU
		{6B837451-0ACE-4DFC-979B-72C5EF33EC44}.Debug|Any CPU.ActiveCfg = Debug|Any CPU
		{6B837451-0ACE-4DFC-979B-72C5EF33EC44}.Debug|Any CPU.Build.0 = Debug|Any CPU
		{6B837451-0ACE-4DFC-979B-72C5EF33EC44}.Release|Any CPU.ActiveCfg = Release|Any CPU
		{6B837451-0ACE-4DFC-979B-72C5EF33EC44}.Release|Any CPU.Build.0 = Release|Any CPU
	EndGlobalSection
	GlobalSection(SolutionProperties) = preSolution
		HideSolutionNode = FALSE
	EndGlobalSection
	GlobalSection(ExtensibilityGlobals) = postSolution
		SolutionGuid = {D8F97192-7FF1-4CC3-9C7F-3B8D039F4A30}
	EndGlobalSection
EndGlobal
